<Solution>
  <Configurations>
    <Platform Name="x64" />
    <Platform Name="x86" />
  </Configurations>
  <Project Path="ComboBox/ComboBox.vcxproj" Id="2d877de6-d0a6-4e47-b5f6-e80b41ba434a" />
  <Project Path="DialogBox/DialogBox.vcxproj" Id="113c2887-440f-40c8-85d4-2acf776e7178" />
  <Project Path="ListBox/ListBox.vcxproj" Id="3b3b73fd-626c-4b08-b0ef-f09465354b07" />
  <Project Path="MainWindow/MainWindow.vcxproj" Id="5bb9a27b-1026-4e7c-8d51-9b5cbd7626b6" />
  <Project Path="WinAPI/WinAPI.vcxproj" Id="a02e2f2a-451e-4225-9f16-22dcf0ecf11b" />
</Solution>
